
Microsoft Visual Studio Solution File, Format Version 12.00
# Visual Studio Version 16
VisualStudioVersion = 16.0.29613.14
MinimumVisualStudioVersion = 10.0.40219.1
Project("{FAE04EC0-301F-11D3-BF4B-00C04F79EFBC}") = "Tentativa2APIviaJSON", "Tentativa2APIviaJSON.csproj", "{06F994D7-E0F5-4982-81C4-C71CBBF2AAFE}"
EndProject
Project("{2150E333-8FDC-42A3-9474-1A3956D46DE8}") = "Solution Items", "Solution Items", "{DAD169F0-3F0B-4BDA-A66A-001F9A9364AC}"
	ProjectSection(SolutionItems) = preProject
		Fundo.cs = Fundo.cs
	EndProjectSection
EndProject
Global
	GlobalSection(SolutionConfigurationPlatforms) = preSolution
		Debug|Any CPU = Debug|Any CPU
		Release|Any CPU = Release|Any CPU
	EndGlobalSection
	GlobalSection(ProjectConfigurationPlatforms) = postSolution
		{06F994D7-E0F5-4982-81C4-C71CBBF2AAFE}.Debug|Any CPU.ActiveCfg = Debug|Any CPU
		{06F994D7-E0F5-4982-81C4-C71CBBF2AAFE}.Debug|Any CPU.Build.0 = Debug|Any CPU
		{06F994D7-E0F5-4982-81C4-C71CBBF2AAFE}.Release|Any CPU.ActiveCfg = Release|Any CPU
		{06F994D7-E0F5-4982-81C4-C71CBBF2AAFE}.Release|Any CPU.Build.0 = Release|Any CPU
	EndGlobalSection
	GlobalSection(SolutionProperties) = preSolution
		HideSolutionNode = FALSE
	EndGlobalSection
	GlobalSection(ExtensibilityGlobals) = postSolution
		SolutionGuid = {FC9FCF01-F3CD-4255-B28B-ACC73779BA0D}
	EndGlobalSection
EndGlobal
